
Microsoft Visual Studio Solution File, Format Version 12.00
# Visual Studio Version 17
VisualStudioVersion = 17.13.35931.197 d17.13
MinimumVisualStudioVersion = 10.0.40219.1
Project("{8BC9CEB8-8B4A-11D0-8D11-00A0C91BC942}") = "after-cry-game", "after-cry-game\after-cry-game.vcxproj", "{5E71D46D-B5E6-4361-A4DB-FFF8A9907C75}"
EndProject
Global
	GlobalSection(SolutionConfigurationPlatforms) = preSolution
		Debug|x64 = Debug|x64
		Debug|x86 = Debug|x86
		Release|x64 = Release|x64
		Release|x86 = Release|x86
	EndGlobalSection
	GlobalSection(ProjectConfigurationPlatforms) = postSolution
		{5E71D46D-B5E6-4361-A4DB-FFF8A9907C75}.Debug|x64.ActiveCfg = Debug|x64
		{5E71D46D-B5E6-4361-A4DB-FFF8A9907C75}.Debug|x64.Build.0 = Debug|x64
		{5E71D46D-B5E6-4361-A4DB-FFF8A9907C75}.Debug|x86.ActiveCfg = Debug|Win32
		{5E71D46D-B5E6-4361-A4DB-FFF8A9907C75}.Debug|x86.Build.0 = Debug|Win32
		{5E71D46D-B5E6-4361-A4DB-FFF8A9907C75}.Release|x64.ActiveCfg = Release|x64
		{5E71D46D-B5E6-4361-A4DB-FFF8A9907C75}.Release|x64.Build.0 = Release|x64
		{5E71D46D-B5E6-4361-A4DB-FFF8A9907C75}.Release|x86.ActiveCfg = Release|Win32
		{5E71D46D-B5E6-4361-A4DB-FFF8A9907C75}.Release|x86.Build.0 = Release|Win32
	EndGlobalSection
	GlobalSection(SolutionProperties) = preSolution
		HideSolutionNode = FALSE
	EndGlobalSection
	GlobalSection(ExtensibilityGlobals) = postSolution
		SolutionGuid = {1EA41CA0-0133-42B7-B56D-EC6AD8F59B8F}
	EndGlobalSection
EndGlobal
